{
  "version": 2,
  "dependencies": {
    "net10.0-windows10.0.19041": {
      "Avalonia.Desktop": {
        "type": "Direct",
        "requested": "[12.1.3, )",
        "resolved": "12.1.3",
        "contentHash": "kjCpRlBIK5OZDnQ01Hd43CF0Mq4eQ9ndABiDCJAGtLD7lbzX6KxJ08vIK4N1VAiY4/enAUz8oT8q4O6bSybrBQ==",
        "dependencies": {
          "Avalonia": "12.1.3",
          "Avalonia.HarfBuzz": "12.1.3",
          "Avalonia.Native": "12.1.3",
          "Avalonia.Skia": "12.1.3",
          "Avalonia.Win32": "12.1.3",
          "Avalonia.X11": "12.1.3"
        }
      },
      "Avalonia.Fonts.Inter": {
        "type": "Direct",
        "requested": "[12.1.3, )",
        "resolved": "12.1.3",
        "contentHash": "kNh670aMSkTk/2gA0F1rnghio4PL4op89Ypreq2BL9J/A/3PYxhoMfTPEgHUjOcPliPOyXsk5/86WzlJNeeETA==",
        "dependencies": {
          "Avalonia": "12.1.3"
        }
      },
      "Avalonia.Themes.Fluent": {
        "type": "Direct",
        "requested": "[12.1.3, )",
        "resolved": "12.1.3",
        "contentHash": "ens/GHfXXk0W1ZScHZ2XG6DFiVyUVKR+0O8QK6zkviMNAPQCNwkftXlRVSFSQGtBYxXoJHZMsKYvCLEtVyzkug==",
        "dependencies": {
          "Avalonia": "12.1.3"
        }
      },
      "Markdig": {
        "type": "Direct",
        "requested": "[1.4.0, )",
        "resolved": "1.4.0",
        "contentHash": "lLhaiI/mNDTNzgLqnmknhf4LjgTqOAyjx5+GNz0X3AxYMxUhmFppF2WVMdER+SDqwhE5wUF1pzs/cuLwFxs7xA=="
      },
      "Meziantou.Analyzer": {
        "type": "Direct",
        "requested": "[3.0.290, )",
        "resolved": "3.0.290",
        "contentHash": "vdSXgMEPil67EFwkcicjSCMnB7TdhUNiR1Fjw1P8MN+UeX6yP8wTb7cNT20H/ejHuUxkrxQS1Rz4QcJuMLmCkA=="
      },
      "Microsoft.Extensions.DependencyInjection": {
        "type": "Direct",
        "requested": "[10.0.12, )",
        "resolved": "10.0.12",
        "contentHash": "lXyK2O5GoYvfxW8eCFcD16JFbcoSTM1sJkAM0UHS1jZyl9NYMW64Tqm6OQFT0IDBjZi+xHt95/Zg+nxZhGFhZg==",
        "dependencies": {
          "Microsoft.Extensions.DependencyInjection.Abstractions": "10.0.12"
        }
      },
      "Microsoft.Extensions.Logging": {
        "type": "Direct",
        "requested": "[10.0.12, )",
        "resolved": "10.0.12",
        "contentHash": "6I46fTPfgYkrjRYfRXbho9WOvOelTnNjWuZws/hzGHDASH1LEJeA4VKK9k3wJvido8o7jJSB5WkMTonX7HM1bA==",
        "dependencies": {
          "Microsoft.Extensions.DependencyInjection": "10.0.12",
          "Microsoft.Extensions.Logging.Abstractions": "10.0.12",
          "Microsoft.Extensions.Options": "10.0.12"
        }
      },
      "Microsoft.VisualStudio.Threading.Analyzers": {
        "type": "Direct",
        "requested": "[18.7.23, )",
        "resolved": "18.7.23",
        "contentHash": "dyj6z8m+LFjpeH69hdnciCcRCmD0YgMlvuQEywiEshjqj/blgQ+PuWX8Vd5gkWQFoBN4e+TFxx6DvGNSv/gIKg=="
      },
      "Serilog": {
        "type": "Direct",
        "requested": "[4.4.0, )",
        "resolved": "4.4.0",
        "contentHash": "ZC6Le3rr4TVJJjS4KsQAesxeF1EhW9qcZmmG7eP5Y2G3+gTGkJEUXkq4+tZNPtyp05I0wWOxnIjwtxFweJsObw=="
      },
      "Serilog.Extensions.Logging": {
        "type": "Direct",
        "requested": "[10.0.0, )",
        "resolved": "10.0.0",
        "contentHash": "vx0kABKl2dWbBhhqAfTOk53/i8aV/5VaT3a6il9gn72Wqs2pM7EK2OB6No6xdqK2IaY6Zf9gdjLuK9BVa2rT+Q==",
        "dependencies": {
          "Microsoft.Extensions.Logging": "10.0.0",
          "Serilog": "4.2.0"
        }
      },
      "Serilog.Sinks.File": {
        "type": "Direct",
        "requested": "[7.0.0, )",
        "resolved": "7.0.0",
        "contentHash": "fKL7mXv7qaiNBUC71ssvn/dU0k9t0o45+qm2XgKAlSt19xF+ijjxyA3R6HmCgfKEKwfcfkwWjayuQtRueZFkYw==",
        "dependencies": {
          "Serilog": "4.2.0"
        }
      },
      "Avalonia": {
        "type": "Transitive",
        "resolved": "12.1.3",
        "contentHash": "l0VGyGn1OwqFrhmIhIHivvrQP0DtBD4Vn2F1vLYgGA2X2qHg0DMVRAln/6xOTLBUYoTopiVAujN0jtH8MpVSeA==",
        "dependencies": {
          "Avalonia.BuildServices": "11.3.2",
          "Avalonia.Remote.Protocol": "12.1.3",
          "MicroCom.Runtime": "0.11.6"
        }
      },
      "Avalonia.Angle.Windows.Natives": {
        "type": "Transitive",
        "resolved": "2.1.27548.20260419",
        "contentHash": "l17nI3XVDN3oMnpjf2pnmJg0YTwK4m6NLsn/itAjDMdObTFxN77D5F1M9sRMSfViSY3KKcse1ROczwgoWLJsnA=="
      },
      "Avalonia.BuildServices": {
        "type": "Transitive",
        "resolved": "11.3.2",
        "contentHash": "qHDToxto1e3hci5YqbG9n0Ty8mlp3zBUN5wT66wKqaDVzXyQ0do3EnRILd4Ke9jpvsktaPpgE0YjEk7hornryQ=="
      },
      "Avalonia.FreeDesktop": {
        "type": "Transitive",
        "resolved": "12.1.3",
        "contentHash": "yEvk7qm0QPzgQwFZZTAIUXt31sQOSSeOSVTDrcm/Pk+5klNN+8C08kIJs9ZD8RY9esHVk2g6VHPab6DceJYRCw==",
        "dependencies": {
          "Avalonia": "12.1.3",
          "Tmds.DBus.Protocol": "0.94.1"
        }
      },
      "Avalonia.FreeDesktop.AtSpi": {
        "type": "Transitive",
        "resolved": "12.1.3",
        "contentHash": "t9dP6VQAKGlXtftNuj7QzFtE54AI1qH1dwFmDEJlvI5gweCLNR8ebgRCLlO/bSLWzzV8dZtb6mB/glZ8soisDw==",
        "dependencies": {
          "Avalonia": "12.1.3"
        }
      },
      "Avalonia.HarfBuzz": {
        "type": "Transitive",
        "resolved": "12.1.3",
        "contentHash": "XcO9BBsmZHMIK+e+yy1TGsytlhqa7o4ih2Y7B0Q7OKh91GEEerbEc6v/X2kRmluKxyYNSmkwH5Uzj53FtjJngA==",
        "dependencies": {
          "Avalonia": "12.1.3",
          "HarfBuzzSharp": "8.3.1.3",
          "HarfBuzzSharp.NativeAssets.Linux": "8.3.1.3",
          "HarfBuzzSharp.NativeAssets.WebAssembly": "8.3.1.3"
        }
      },
      "Avalonia.Native": {
        "type": "Transitive",
        "resolved": "12.1.3",
        "contentHash": "TP6G8mF8vPufxycwe/dfLTsNhqQOGBt2Os5MtJshUGfVQ8zlYUG8K8JckPE+dweuDraAKq305aHXseReD7UgXQ==",
        "dependencies": {
          "Avalonia": "12.1.3"
        }
      },
      "Avalonia.Remote.Protocol": {
        "type": "Transitive",
        "resolved": "12.1.3",
        "contentHash": "HcF69DKyihgg5coLOSp7GTqxQvWAy58LMKauwcHA28uSBJVwu0h5+gTNdJA8Sn/nqJVTRDU98zYsk6i1QSwDVQ=="
      },
      "Avalonia.Skia": {
        "type": "Transitive",
        "resolved": "12.1.3",
        "contentHash": "fYfSecJ6vQT3zB9vWl2DOoBK6JM4Mzxpz7KbUPxJePjY/yUl2OyhjKCyUcGZF2DV5mpAYfCOT4rdKEk8hP/lCA==",
        "dependencies": {
          "Avalonia": "12.1.3",
          "HarfBuzzSharp": "8.3.1.3",
          "HarfBuzzSharp.NativeAssets.Linux": "8.3.1.3",
          "HarfBuzzSharp.NativeAssets.WebAssembly": "8.3.1.3",
          "SkiaSharp": "3.119.4",
          "SkiaSharp.NativeAssets.Linux": "3.119.4",
          "SkiaSharp.NativeAssets.WebAssembly": "3.119.4"
        }
      },
      "Avalonia.Win32": {
        "type": "Transitive",
        "resolved": "12.1.3",
        "contentHash": "RXSOmQGV5uKS9orIeE8a5oGz9QukzBnQTP3dtT9uJUhIIuZracy3ItoW8gtlZGBs3lzhEFTZlOk1Fn/Zxj/iAg==",
        "dependencies": {
          "Avalonia": "12.1.3",
          "Avalonia.Angle.Windows.Natives": "2.1.27548.20260419"
        }
      },
      "Avalonia.X11": {
        "type": "Transitive",
        "resolved": "12.1.3",
        "contentHash": "NWkfAGgERPlYRKpiB18t5auSFA/Ffd++uZsUEtHPc/maitjydNJVDmtY21pUqR2QvAeTCl1nRAagi+j9bKVyKw==",
        "dependencies": {
          "Avalonia": "12.1.3",
          "Avalonia.FreeDesktop": "12.1.3",
          "Avalonia.FreeDesktop.AtSpi": "12.1.3",
          "Avalonia.Skia": "12.1.3"
        }
      },
      "HarfBuzzSharp": {
        "type": "Transitive",
        "resolved": "8.3.1.3",
        "contentHash": "NGZ2+ZVNPM+NdHB/asW0/ykWngyHWwcqjrbN2nDeH1B/aptPGlCUl8wkQ2cSJxw5fdWgdmIPmNuTPWpLwNVXWg==",
        "dependencies": {
          "HarfBuzzSharp.NativeAssets.Win32": "8.3.1.3"
        }
      },
      "HarfBuzzSharp.NativeAssets.Linux": {
        "type": "Transitive",
        "resolved": "8.3.1.3",
        "contentHash": "RI6A1LgmooU30+4QIyFt5rmBCzP0VzTR+587IJSGvYIsHHWlahFufihYxtraLfsIhW7I8dn6+xX+DZGygOPKWQ=="
      },
      "HarfBuzzSharp.NativeAssets.WebAssembly": {
        "type": "Transitive",
        "resolved": "8.3.1.3",
        "contentHash": "w2QfdNm9Uz/sUa0B5D+OnVQhyq3G/fBq6ibQMdWBlQqqwh0g0/5j3RFvYqZAmRZ5+RzvjVe8o8SFFnWYUSkuxA=="
      },
      "HarfBuzzSharp.NativeAssets.Win32": {
        "type": "Transitive",
        "resolved": "8.3.1.3",
        "contentHash": "bx8CE8Js+XGX8PUxAHCBDEORt5aaBYtMN4Hr9QFs57Xithh6yjUyYqksizH6eRDhJkwsGI+SXWmPmMm8lZC9Pw=="
      },
      "MicroCom.Runtime": {
        "type": "Transitive",
        "resolved": "0.11.6",
        "contentHash": "NdNWGDiZ6eS/Mf/9+QHR91cj1K7Hy+PX9yrHI/zM7xFYuj9IWT2uxtB6sCHjrnxAeLV9fut1R6zHDUGKX6f9lQ=="
      },
      "Microsoft.Extensions.DependencyInjection.Abstractions": {
        "type": "Transitive",
        "resolved": "10.0.12",
        "contentHash": "9/qymSh7hVDMGTGwrLz8MRp5zRyXy9adGDOs4HwRdnLil3oZGYuWeZjbmHgCQ9BL1qBroVfgUK3U/nb61617Cw=="
      },
      "Microsoft.Extensions.Options": {
        "type": "Transitive",
        "resolved": "10.0.12",
        "contentHash": "TDYD33TSRpXKZWlmTXNlj5kCihxatmv2Ec1u6C+bMYLphCS7PoSLE9Pjd/nunDoE7yETk+LLKjVJX78HYtWjpA==",
        "dependencies": {
          "Microsoft.Extensions.DependencyInjection.Abstractions": "10.0.12",
          "Microsoft.Extensions.Primitives": "10.0.12"
        }
      },
      "Microsoft.Extensions.Primitives": {
        "type": "Transitive",
        "resolved": "10.0.12",
        "contentHash": "dYfCLR52UA+3DL7C4I/pvSaRPkNqxrUAQmbFL2u0zvYKKzqgrFCJl08Df+F1aYc8leu9JvpC9bsURUdpExcBXQ=="
      },
      "Microsoft.ML.OnnxRuntime.Managed": {
        "type": "Transitive",
        "resolved": "1.30.0",
        "contentHash": "KHW+vp+i4Mdf6RhIsMvurTVepafXHjg8/VQ0o6sa2wEK0KzV/4iEoRTUvsymcRP+XPAM/r6kZCaTADdV6Xn4RA==",
        "dependencies": {
          "System.Numerics.Tensors": "9.0.0"
        }
      },
      "NAudio.Asio": {
        "type": "Transitive",
        "resolved": "3.1.0",
        "contentHash": "v+ZgbdCaE/XyhByYNC+xgNdRNWy43GHWYJ+fLrXwjOLXYUToq45G5EGzdqlY//3KsX1zuVn+mU+SBBZ744zK6g==",
        "dependencies": {
          "NAudio.Core": "3.1.0"
        }
      },
      "NAudio.Core": {
        "type": "Transitive",
        "resolved": "3.1.0",
        "contentHash": "8Hrd3Uqb2wEB64eZYF+0vl9xBadeSn6JnFDsHuGrw87ucJ+pB7u5NzVpHl8OlCNvIvH+sD9b2h4JOqXBuZGYwg==",
        "dependencies": {
          "System.Numerics.Tensors": "9.0.0"
        }
      },
      "NAudio.Dmo": {
        "type": "Transitive",
        "resolved": "3.1.0",
        "contentHash": "XhVjBgIyj6qnZRfeGS2CkL6mffRLnT4WK/hAoNGZsqJK1p+XpWe0nFbUA+6Cmgj18oLoHYk2KouPw/Q94mTCnA==",
        "dependencies": {
          "NAudio.Core": "3.1.0"
        }
      },
      "NAudio.Midi": {
        "type": "Transitive",
        "resolved": "3.1.0",
        "contentHash": "McIiQyY5o0Q3QlF5oRm+b0A8IE0SorA/9HvNi88bH3MdSnGp7cM/9sze/zqbS/9PFdKYVRZPtoLwqoAF4BgjeA==",
        "dependencies": {
          "NAudio.Core": "3.1.0"
        }
      },
      "NAudio.Wasapi": {
        "type": "Transitive",
        "resolved": "3.1.0",
        "contentHash": "iTG+oBJaiID344yz84PrTiVF98av5SsuOUu7ICskcUd6f5ShHDMskG9sE4XUM05Vdlwy88bMQDDC3e+85Mv8yw==",
        "dependencies": {
          "NAudio.Core": "3.1.0"
        }
      },
      "NAudio.WinForms": {
        "type": "Transitive",
        "resolved": "3.1.0",
        "contentHash": "oIjQu3bp9QtAB6wAf04pgeDUce+dIrSDcvNp689e/xYStyktG33nY2GwW7d1mS2zDAeA/YhUjY5DkakDWs9+1w==",
        "dependencies": {
          "NAudio.WinMM": "3.1.0"
        }
      },
      "NAudio.WinMM": {
        "type": "Transitive",
        "resolved": "3.1.0",
        "contentHash": "2LXIZwBQKxDZP+GvTvC9zrHiF0LQ3lvTi5dqgS175hY/bOtqFlDRRhzEnVv/lLFlQ+a1I/ZQ3m6CclTvztkf6A==",
        "dependencies": {
          "NAudio.Core": "3.1.0",
          "NAudio.Midi": "3.1.0"
        }
      },
      "NumSharp": {
        "type": "Transitive",
        "resolved": "0.30.0",
        "contentHash": "1f8m2B/m/ZSsICaqLszspCyA9/sTHK7wBKEH5KsxGg/r3QCYTc2HnfYOGMeCytvo8/j0v/umn5umLOLhdExlFA=="
      },
      "OpenTK.Audio.OpenAL": {
        "type": "Transitive",
        "resolved": "5.0.0-pre.13",
        "contentHash": "q+YYwBHlP54/wjlapXRmv8Wy6IiCfoL8nz/+laMKXrlCxIBQ807dh2GowOc5Z6Sllr9I45GRQlqL8xbeniqrIQ==",
        "dependencies": {
          "OpenTK.Core": "[5.0.0-pre.13, 6.0.0-pre)",
          "OpenTK.Mathematics": "[5.0.0-pre.13, 6.0.0-pre)"
        }
      },
      "OpenTK.Core": {
        "type": "Transitive",
        "resolved": "5.0.0-pre.13",
        "contentHash": "NohlYrmuR/H8dMMFzTEdTD7GgWa+mLpXzgnVa1Wixp8tzojdoalO+HYW/ixG1lzzYyBSMoENrZyRgt6njZxnkw=="
      },
      "OpenTK.Mathematics": {
        "type": "Transitive",
        "resolved": "5.0.0-pre.13",
        "contentHash": "65qbZS49AfrTM6jtZ2RDTWAzLe13ywCXIiSP5QrAJLmZT6sQqHGd1LfFXLhx8Ccp77qy7qh/LHsxpUOlkgZTCg=="
      },
      "SkiaSharp": {
        "type": "Transitive",
        "resolved": "3.119.4",
        "contentHash": "53NOSUZ1Us+91Sm0uCkIivh/k7jOowRErZT2sIWwPFN9mLUvdxnE6rS4sWo4255+Rd2MWUSF+j0NMZHD6Cke+Q==",
        "dependencies": {
          "SkiaSharp.NativeAssets.Win32": "3.119.4"
        }
      },
      "SkiaSharp.NativeAssets.Linux": {
        "type": "Transitive",
        "resolved": "3.119.4",
        "contentHash": "UAyVzbqNfZsZbKbzj68zXLyUyF/SbTKmzTfOO6qDu++dtIUMMTzPBe8oOuzU/DiewpfKoUUlOSsJmqWc6blxBw=="
      },
      "SkiaSharp.NativeAssets.WebAssembly": {
        "type": "Transitive",
        "resolved": "3.119.4",
        "contentHash": "S1HOxtBbD4bYDtA2e9WH5TX+lxqRrTPvKjrjttRhxnHNNu7YY8VFo/LeCP7tNqoTA6PV+8vsvNbmRUEC2ip8RQ=="
      },
      "SkiaSharp.NativeAssets.Win32": {
        "type": "Transitive",
        "resolved": "3.119.4",
        "contentHash": "XOpbx/4CReO2wYsq2s6rbvdauc6dntG4Zv499sHGTJ87bwZaFXszFkwql3+FIZMc8kUPeaj3Mx2ezIJmo8a1Kg=="
      },
      "System.Numerics.Tensors": {
        "type": "Transitive",
        "resolved": "9.0.5",
        "contentHash": "hS5G2PmTFHt534LfQB1WIKALMHrZu2rNdzzRr1UfDBSpFcJrKBL38ShOr/yy5s11GFzZKyLp55jdLN5LRA5t2A=="
      },
      "Tmds.DBus.Protocol": {
        "type": "Transitive",
        "resolved": "0.94.1",
        "contentHash": "11YMr7FnAbL83bQmVxlhbIKHvSLxjO81D12Ej0QMSGXMDTxNA9MTOa4MQxx43nv5el/efuPHwzyrj6a5ha2gug=="
      },
      "kora.application": {
        "type": "Project",
        "dependencies": {
          "Kora.Core": "[1.0.0, )",
          "Microsoft.Extensions.Logging.Abstractions": "[10.0.12, )"
        }
      },
      "kora.core": {
        "type": "Project",
        "dependencies": {
          "Microsoft.Extensions.Logging.Abstractions": "[10.0.12, )"
        }
      },
      "kora.windows": {
        "type": "Project",
        "dependencies": {
          "KokoroSharp": "[0.8.4, )",
          "Kora.Core": "[1.0.0, )",
          "Microsoft.Extensions.Logging.Abstractions": "[10.0.12, )",
          "Microsoft.ML.OnnxRuntime": "[1.30.0, )",
          "MisakiSharp": "[2.2.0, )",
          "NAudio": "[3.1.0, )",
          "System.Speech": "[10.0.12, )"
        }
      },
      "KokoroSharp": {
        "type": "CentralTransitive",
        "requested": "[0.8.4, )",
        "resolved": "0.8.4",
        "contentHash": "vR1erU/6clbTypcoLhfI5jMnLbvO/Mtp2mh26SNq3UnRTDi7GLwuQqcHcrKoklclYu5aEQIi8IZJ8uPBbMsSzQ==",
        "dependencies": {
          "Microsoft.ML.OnnxRuntime.Managed": "1.22.0",
          "MisakiSharp": "2.1.1",
          "NAudio": "2.2.1",
          "NumSharp": "0.30.0",
          "OpenTK.Audio.OpenAL": "5.0.0-pre.13",
          "System.Numerics.Tensors": "9.0.5"
        }
      },
      "Microsoft.Extensions.Logging.Abstractions": {
        "type": "CentralTransitive",
        "requested": "[10.0.12, )",
        "resolved": "10.0.12",
        "contentHash": "+24lC4plfbEDNfLAdTV/SWKS7dW+16X4HdydO3R++134kSNTzcbYA4KpR1Hdh6uWisB8Za3AzwyOn+K+NxWIug==",
        "dependencies": {
          "Microsoft.Extensions.DependencyInjection.Abstractions": "10.0.12"
        }
      },
      "Microsoft.ML.OnnxRuntime": {
        "type": "CentralTransitive",
        "requested": "[1.30.0, )",
        "resolved": "1.30.0",
        "contentHash": "RaF3KjPXB/IbNvvrcQtrxS/NZjB9dEHnZQTsdJCLP5Fnn1Jj3LomeqR1mMAoRFKinJ0pIe85PLhLlfGBYqzgWA==",
        "dependencies": {
          "Microsoft.ML.OnnxRuntime.Managed": "1.30.0"
        }
      },
      "MisakiSharp": {
        "type": "CentralTransitive",
        "requested": "[2.2.0, )",
        "resolved": "2.2.0",
        "contentHash": "ldGseoE8qsCuaQlJU8WhxwGkHQvtx3FMXdFXArMKq2DItEGGtQbJ5t4jw7tVGgf9E3I2uLg2ZHR/JNVTAVauHw=="
      },
      "NAudio": {
        "type": "CentralTransitive",
        "requested": "[3.1.0, )",
        "resolved": "3.1.0",
        "contentHash": "wD5UttLb5Eu/caAYPy/siDg7xf3KVkdJfMLXr+cJfAvxgh6wDnWOBxXfhYNMUiIaQRr2VPDjgPH2QIzBSP6gqw==",
        "dependencies": {
          "NAudio.Asio": "3.1.0",
          "NAudio.Core": "3.1.0",
          "NAudio.Dmo": "3.1.0",
          "NAudio.Midi": "3.1.0",
          "NAudio.Wasapi": "3.1.0",
          "NAudio.WinForms": "3.1.0",
          "NAudio.WinMM": "3.1.0"
        }
      },
      "System.Speech": {
        "type": "CentralTransitive",
        "requested": "[10.0.12, )",
        "resolved": "10.0.12",
        "contentHash": "IrIKdPfbeCtgDeKQvJE2EtS8sSLxxpBRzCCpkg/4jORLwmhSUrVZtIrnbbaWQxo3tjnXK6aHH6MNsvi3S3PuTg=="
      }
    },
    "net10.0-windows10.0.19041/win-x64": {
      "Avalonia.Angle.Windows.Natives": {
        "type": "Transitive",
        "resolved": "2.1.27548.20260419",
        "contentHash": "l17nI3XVDN3oMnpjf2pnmJg0YTwK4m6NLsn/itAjDMdObTFxN77D5F1M9sRMSfViSY3KKcse1ROczwgoWLJsnA=="
      },
      "Avalonia.Native": {
        "type": "Transitive",
        "resolved": "12.1.3",
        "contentHash": "TP6G8mF8vPufxycwe/dfLTsNhqQOGBt2Os5MtJshUGfVQ8zlYUG8K8JckPE+dweuDraAKq305aHXseReD7UgXQ==",
        "dependencies": {
          "Avalonia": "12.1.3"
        }
      },
      "HarfBuzzSharp.NativeAssets.Linux": {
        "type": "Transitive",
        "resolved": "8.3.1.3",
        "contentHash": "RI6A1LgmooU30+4QIyFt5rmBCzP0VzTR+587IJSGvYIsHHWlahFufihYxtraLfsIhW7I8dn6+xX+DZGygOPKWQ=="
      },
      "HarfBuzzSharp.NativeAssets.Win32": {
        "type": "Transitive",
        "resolved": "8.3.1.3",
        "contentHash": "bx8CE8Js+XGX8PUxAHCBDEORt5aaBYtMN4Hr9QFs57Xithh6yjUyYqksizH6eRDhJkwsGI+SXWmPmMm8lZC9Pw=="
      },
      "SkiaSharp.NativeAssets.Linux": {
        "type": "Transitive",
        "resolved": "3.119.4",
        "contentHash": "UAyVzbqNfZsZbKbzj68zXLyUyF/SbTKmzTfOO6qDu++dtIUMMTzPBe8oOuzU/DiewpfKoUUlOSsJmqWc6blxBw=="
      },
      "SkiaSharp.NativeAssets.Win32": {
        "type": "Transitive",
        "resolved": "3.119.4",
        "contentHash": "XOpbx/4CReO2wYsq2s6rbvdauc6dntG4Zv499sHGTJ87bwZaFXszFkwql3+FIZMc8kUPeaj3Mx2ezIJmo8a1Kg=="
      },
      "Microsoft.ML.OnnxRuntime": {
        "type": "CentralTransitive",
        "requested": "[1.30.0, )",
        "resolved": "1.30.0",
        "contentHash": "RaF3KjPXB/IbNvvrcQtrxS/NZjB9dEHnZQTsdJCLP5Fnn1Jj3LomeqR1mMAoRFKinJ0pIe85PLhLlfGBYqzgWA==",
        "dependencies": {
          "Microsoft.ML.OnnxRuntime.Managed": "1.30.0"
        }
      },
      "System.Speech": {
        "type": "CentralTransitive",
        "requested": "[10.0.12, )",
        "resolved": "10.0.12",
        "contentHash": "IrIKdPfbeCtgDeKQvJE2EtS8sSLxxpBRzCCpkg/4jORLwmhSUrVZtIrnbbaWQxo3tjnXK6aHH6MNsvi3S3PuTg=="
      }
    },
    "net10.0-windows10.0.19041/win-x86": {
      "Avalonia.Angle.Windows.Natives": {
        "type": "Transitive",
        "resolved": "2.1.27548.20260419",
        "contentHash": "l17nI3XVDN3oMnpjf2pnmJg0YTwK4m6NLsn/itAjDMdObTFxN77D5F1M9sRMSfViSY3KKcse1ROczwgoWLJsnA=="
      },
      "Avalonia.Native": {
        "type": "Transitive",
        "resolved": "12.1.3",
        "contentHash": "TP6G8mF8vPufxycwe/dfLTsNhqQOGBt2Os5MtJshUGfVQ8zlYUG8K8JckPE+dweuDraAKq305aHXseReD7UgXQ==",
        "dependencies": {
          "Avalonia": "12.1.3"
        }
      },
      "HarfBuzzSharp.NativeAssets.Linux": {
        "type": "Transitive",
        "resolved": "8.3.1.3",
        "contentHash": "RI6A1LgmooU30+4QIyFt5rmBCzP0VzTR+587IJSGvYIsHHWlahFufihYxtraLfsIhW7I8dn6+xX+DZGygOPKWQ=="
      },
      "HarfBuzzSharp.NativeAssets.Win32": {
        "type": "Transitive",
        "resolved": "8.3.1.3",
        "contentHash": "bx8CE8Js+XGX8PUxAHCBDEORt5aaBYtMN4Hr9QFs57Xithh6yjUyYqksizH6eRDhJkwsGI+SXWmPmMm8lZC9Pw=="
      },
      "SkiaSharp.NativeAssets.Linux": {
        "type": "Transitive",
        "resolved": "3.119.4",
        "contentHash": "UAyVzbqNfZsZbKbzj68zXLyUyF/SbTKmzTfOO6qDu++dtIUMMTzPBe8oOuzU/DiewpfKoUUlOSsJmqWc6blxBw=="
      },
      "SkiaSharp.NativeAssets.Win32": {
        "type": "Transitive",
        "resolved": "3.119.4",
        "contentHash": "XOpbx/4CReO2wYsq2s6rbvdauc6dntG4Zv499sHGTJ87bwZaFXszFkwql3+FIZMc8kUPeaj3Mx2ezIJmo8a1Kg=="
      },
      "Microsoft.ML.OnnxRuntime": {
        "type": "CentralTransitive",
        "requested": "[1.30.0, )",
        "resolved": "1.30.0",
        "contentHash": "RaF3KjPXB/IbNvvrcQtrxS/NZjB9dEHnZQTsdJCLP5Fnn1Jj3LomeqR1mMAoRFKinJ0pIe85PLhLlfGBYqzgWA==",
        "dependencies": {
          "Microsoft.ML.OnnxRuntime.Managed": "1.30.0"
        }
      },
      "System.Speech": {
        "type": "CentralTransitive",
        "requested": "[10.0.12, )",
        "resolved": "10.0.12",
        "contentHash": "IrIKdPfbeCtgDeKQvJE2EtS8sSLxxpBRzCCpkg/4jORLwmhSUrVZtIrnbbaWQxo3tjnXK6aHH6MNsvi3S3PuTg=="
      }
    }
  }
}