<Solution>
  <Folder Name="/installer/">
    <Project Path="installer/Kora.Setup/Kora.Setup.csproj" />
  </Folder>
  <Folder Name="/src/">
    <Project Path="src/Kora.Application/Kora.Application.csproj" />
    <Project Path="src/Kora.Core/Kora.Core.csproj" />
    <Project Path="src/Kora/Kora.csproj" />
    <Project Path="src/Kora.Tools/Kora.Tools.csproj" />
    <Project Path="src/Kora.Windows/Kora.Windows.csproj" />
  </Folder>
  <Folder Name="/tests/">
    <Project Path="tests/Kora.Application.UnitTests/Kora.Application.UnitTests.csproj" />
    <Project Path="tests/Kora.Core.UnitTests/Kora.Core.UnitTests.csproj" />
    <Project Path="tests/Kora.Tools.UnitTests/Kora.Tools.UnitTests.csproj" />
    <Project Path="tests/Kora.Windows.IntegrationTests/Kora.Windows.IntegrationTests.csproj" />
  </Folder>
</Solution>
